// !$*UTF8*$!
{
	archiveVersion = 1;
	classes = {
	};
	objectVersion = 46;
	objects = {

/* Begin PBXBuildFile section */
		8D5449EE1B54A8160019BD04 /* main.m in Sources */ = {isa = PBXBuildFile; fileRef = 8D5449ED1B54A8160019BD04 /* main.m */; };
		8D5449F11B54A8160019BD04 /* AppDelegate.m in Sources */ = {isa = PBXBuildFile; fileRef = 8D5449F01B54A8160019BD04 /* AppDelegate.m */; };
		8D5449F41B54A8160019BD04 /* ViewController.m in Sources */ = {isa = PBXBuildFile; fileRef = 8D5449F31B54A8160019BD04 /* ViewController.m */; };
		8D5449F71B54A8160019BD04 /* Main.storyboard in Resources */ = {isa = PBXBuildFile; fileRef = 8D5449F51B54A8160019BD04 /* Main.storyboard */; };
		8D5449F91B54A8160019BD04 /* Images.xcassets in Resources */ = {isa = PBXBuildFile; fileRef = 8D5449F81B54A8160019BD04 /* Images.xcassets */; };
		8D5449FC1B54A8160019BD04 /* LaunchScreen.xib in Resources */ = {isa = PBXBuildFile; fileRef = 8D5449FA1B54A8160019BD04 /* LaunchScreen.xib */; };
		8D544A081B54A8160019BD04 /* MortgageTests.m in Sources */ = {isa = PBXBuildFile; fileRef = 8D544A071B54A8160019BD04 /* MortgageTests.m */; };
		8D544A361B550C880019BD04 /* MortgageCalculateViewController.m in Sources */ = {isa = PBXBuildFile; fileRef = 8D544A2D1B550C880019BD04 /* MortgageCalculateViewController.m */; };
		8D544A371B550C880019BD04 /* MortgageCalculateViewController.xib in Resources */ = {isa = PBXBuildFile; fileRef = 8D544A2E1B550C880019BD04 /* MortgageCalculateViewController.xib */; };
		8D544A3D1B550CCA0019BD04 /* ComputedResultViewController.m in Sources */ = {isa = PBXBuildFile; fileRef = 8D544A3B1B550CCA0019BD04 /* ComputedResultViewController.m */; };
		8D544A3E1B550CCA0019BD04 /* ComputedResultViewController.xib in Resources */ = {isa = PBXBuildFile; fileRef = 8D544A3C1B550CCA0019BD04 /* ComputedResultViewController.xib */; };
		8D82DAFC1B55F0C4004C9824 /* BankRefundService.mm in Sources */ = {isa = PBXBuildFile; fileRef = 8D82DAFA1B55F0C4004C9824 /* BankRefundService.mm */; };
		8D82DB091B564112004C9824 /* ChooseDataViewController.m in Sources */ = {isa = PBXBuildFile; fileRef = 8D82DB071B564112004C9824 /* ChooseDataViewController.m */; };
		8D82DB0A1B564112004C9824 /* ChooseDataViewController.xib in Resources */ = {isa = PBXBuildFile; fileRef = 8D82DB081B564112004C9824 /* ChooseDataViewController.xib */; };
		8D8464B71B56B19700476024 /* SVIndefiniteAnimatedView.m in Sources */ = {isa = PBXBuildFile; fileRef = 8D8464B31B56B19700476024 /* SVIndefiniteAnimatedView.m */; };
		8D8464B81B56B19700476024 /* SVProgressHUD.bundle in Resources */ = {isa = PBXBuildFile; fileRef = 8D8464B41B56B19700476024 /* SVProgressHUD.bundle */; };
		8D8464B91B56B19700476024 /* SVProgressHUD.m in Sources */ = {isa = PBXBuildFile; fileRef = 8D8464B61B56B19700476024 /* SVProgressHUD.m */; };
/* End PBXBuildFile section */

/* Begin PBXContainerItemProxy section */
		8D544A021B54A8160019BD04 /* PBXContainerItemProxy */ = {
			isa = PBXContainerItemProxy;
			containerPortal = 8D5449E01B54A8160019BD04 /* Project object */;
			proxyType = 1;
			remoteGlobalIDString = 8D5449E71B54A8160019BD04;
			remoteInfo = Mortgage;
		};
/* End PBXContainerItemProxy section */

/* Begin PBXFileReference section */
		8D5449E81B54A8160019BD04 /* Mortgage.app */ = {isa = PBXFileReference; explicitFileType = wrapper.application; includeInIndex = 0; path = Mortgage.app; sourceTree = BUILT_PRODUCTS_DIR; };
		8D5449EC1B54A8160019BD04 /* Info.plist */ = {isa = PBXFileReference; lastKnownFileType = text.plist.xml; path = Info.plist; sourceTree = "<group>"; };
		8D5449ED1B54A8160019BD04 /* main.m */ = {isa = PBXFileReference; lastKnownFileType = sourcecode.c.objc; path = main.m; sourceTree = "<group>"; };
		8D5449EF1B54A8160019BD04 /* AppDelegate.h */ = {isa = PBXFileReference; lastKnownFileType = sourcecode.c.h; path = AppDelegate.h; sourceTree = "<group>"; };
		8D5449F01B54A8160019BD04 /* AppDelegate.m */ = {isa = PBXFileReference; lastKnownFileType = sourcecode.c.objc; path = AppDelegate.m; sourceTree = "<group>"; };
		8D5449F21B54A8160019BD04 /* ViewController.h */ = {isa = PBXFileReference; lastKnownFileType = sourcecode.c.h; path = ViewController.h; sourceTree = "<group>"; };
		8D5449F31B54A8160019BD04 /* ViewController.m */ = {isa = PBXFileReference; lastKnownFileType = sourcecode.c.objc; path = ViewController.m; sourceTree = "<group>"; };
		8D5449F61B54A8160019BD04 /* Base */ = {isa = PBXFileReference; lastKnownFileType = file.storyboard; name = Base; path = Base.lproj/Main.storyboard; sourceTree = "<group>"; };
		8D5449F81B54A8160019BD04 /* Images.xcassets */ = {isa = PBXFileReference; lastKnownFileType = folder.assetcatalog; path = Images.xcassets; sourceTree = "<group>"; };
		8D5449FB1B54A8160019BD04 /* Base */ = {isa = PBXFileReference; lastKnownFileType = file.xib; name = Base; path = Base.lproj/LaunchScreen.xib; sourceTree = "<group>"; };
		8D544A011B54A8160019BD04 /* MortgageTests.xctest */ = {isa = PBXFileReference; explicitFileType = wrapper.cfbundle; includeInIndex = 0; path = MortgageTests.xctest; sourceTree = BUILT_PRODUCTS_DIR; };
		8D544A061B54A8160019BD04 /* Info.plist */ = {isa = PBXFileReference; lastKnownFileType = text.plist.xml; path = Info.plist; sourceTree = "<group>"; };
		8D544A071B54A8160019BD04 /* MortgageTests.m */ = {isa = PBXFileReference; lastKnownFileType = sourcecode.c.objc; path = MortgageTests.m; sourceTree = "<group>"; };
		8D544A2C1B550C880019BD04 /* MortgageCalculateViewController.h */ = {isa = PBXFileReference; fileEncoding = 4; lastKnownFileType = sourcecode.c.h; path = MortgageCalculateViewController.h; sourceTree = "<group>"; };
		8D544A2D1B550C880019BD04 /* MortgageCalculateViewController.m */ = {isa = PBXFileReference; fileEncoding = 4; lastKnownFileType = sourcecode.c.objc; path = MortgageCalculateViewController.m; sourceTree = "<group>"; };
		8D544A2E1B550C880019BD04 /* MortgageCalculateViewController.xib */ = {isa = PBXFileReference; fileEncoding = 4; lastKnownFileType = file.xib; path = MortgageCalculateViewController.xib; sourceTree = "<group>"; };
		8D544A3A1B550CCA0019BD04 /* ComputedResultViewController.h */ = {isa = PBXFileReference; fileEncoding = 4; lastKnownFileType = sourcecode.c.h; path = ComputedResultViewController.h; sourceTree = "<group>"; };
		8D544A3B1B550CCA0019BD04 /* ComputedResultViewController.m */ = {isa = PBXFileReference; fileEncoding = 4; lastKnownFileType = sourcecode.c.objc; path = ComputedResultViewController.m; sourceTree = "<group>"; };
		8D544A3C1B550CCA0019BD04 /* ComputedResultViewController.xib */ = {isa = PBXFileReference; fileEncoding = 4; lastKnownFileType = file.xib; path = ComputedResultViewController.xib; sourceTree = "<group>"; };
		8D82DAFA1B55F0C4004C9824 /* BankRefundService.mm */ = {isa = PBXFileReference; fileEncoding = 4; lastKnownFileType = sourcecode.cpp.objcpp; path = BankRefundService.mm; sourceTree = "<group>"; };
		8D82DAFB1B55F0C4004C9824 /* BankRefundService.h */ = {isa = PBXFileReference; fileEncoding = 4; lastKnownFileType = sourcecode.c.h; path = BankRefundService.h; sourceTree = "<group>"; };
		8D82DB061B564112004C9824 /* ChooseDataViewController.h */ = {isa = PBXFileReference; fileEncoding = 4; lastKnownFileType = sourcecode.c.h; path = ChooseDataViewController.h; sourceTree = "<group>"; };
		8D82DB071B564112004C9824 /* ChooseDataViewController.m */ = {isa = PBXFileReference; fileEncoding = 4; lastKnownFileType = sourcecode.c.objc; path = ChooseDataViewController.m; sourceTree = "<group>"; };
		8D82DB081B564112004C9824 /* ChooseDataViewController.xib */ = {isa = PBXFileReference; fileEncoding = 4; lastKnownFileType = file.xib; path = ChooseDataViewController.xib; sourceTree = "<group>"; };
		8D8464B21B56B19700476024 /* SVIndefiniteAnimatedView.h */ = {isa = PBXFileReference; fileEncoding = 4; lastKnownFileType = sourcecode.c.h; path = SVIndefiniteAnimatedView.h; sourceTree = "<group>"; };
		8D8464B31B56B19700476024 /* SVIndefiniteAnimatedView.m */ = {isa = PBXFileReference; fileEncoding = 4; lastKnownFileType = sourcecode.c.objc; path = SVIndefiniteAnimatedView.m; sourceTree = "<group>"; };
		8D8464B41B56B19700476024 /* SVProgressHUD.bundle */ = {isa = PBXFileReference; lastKnownFileType = "wrapper.plug-in"; path = SVProgressHUD.bundle; sourceTree = "<group>"; };
		8D8464B51B56B19700476024 /* SVProgressHUD.h */ = {isa = PBXFileReference; fileEncoding = 4; lastKnownFileType = sourcecode.c.h; path = SVProgressHUD.h; sourceTree = "<group>"; };
		8D8464B61B56B19700476024 /* SVProgressHUD.m */ = {isa = PBXFileReference; fileEncoding = 4; lastKnownFileType = sourcecode.c.objc; path = SVProgressHUD.m; sourceTree = "<group>"; };
/* End PBXFileReference section */

/* Begin PBXFrameworksBuildPhase section */
		8D5449E51B54A8160019BD04 /* Frameworks */ = {
			isa = PBXFrameworksBuildPhase;
			buildActionMask = 2147483647;
			files = (
			);
			runOnlyForDeploymentPostprocessing = 0;
		};
		8D5449FE1B54A8160019BD04 /* Frameworks */ = {
			isa = PBXFrameworksBuildPhase;
			buildActionMask = 2147483647;
			files = (
			);
			runOnlyForDeploymentPostprocessing = 0;
		};
/* End PBXFrameworksBuildPhase section */

/* Begin PBXGroup section */
		8D5449DF1B54A8160019BD04 = {
			isa = PBXGroup;
			children = (
				8D5449EA1B54A8160019BD04 /* Mortgage */,
				8D544A041B54A8160019BD04 /* MortgageTests */,
				8D5449E91B54A8160019BD04 /* Products */,
			);
			sourceTree = "<group>";
		};
		8D5449E91B54A8160019BD04 /* Products */ = {
			isa = PBXGroup;
			children = (
				8D5449E81B54A8160019BD04 /* Mortgage.app */,
				8D544A011B54A8160019BD04 /* MortgageTests.xctest */,
			);
			name = Products;
			sourceTree = "<group>";
		};
		8D5449EA1B54A8160019BD04 /* Mortgage */ = {
			isa = PBXGroup;
			children = (
				8D544A251B550C880019BD04 /* MortgageVc */,
				8D5449EF1B54A8160019BD04 /* AppDelegate.h */,
				8D5449F01B54A8160019BD04 /* AppDelegate.m */,
				8D5449F21B54A8160019BD04 /* ViewController.h */,
				8D5449F31B54A8160019BD04 /* ViewController.m */,
				8D5449F51B54A8160019BD04 /* Main.storyboard */,
				8D5449F81B54A8160019BD04 /* Images.xcassets */,
				8D5449FA1B54A8160019BD04 /* LaunchScreen.xib */,
				8D5449EB1B54A8160019BD04 /* Supporting Files */,
			);
			path = Mortgage;
			sourceTree = "<group>";
		};
		8D5449EB1B54A8160019BD04 /* Supporting Files */ = {
			isa = PBXGroup;
			children = (
				8D5449EC1B54A8160019BD04 /* Info.plist */,
				8D5449ED1B54A8160019BD04 /* main.m */,
			);
			name = "Supporting Files";
			sourceTree = "<group>";
		};
		8D544A041B54A8160019BD04 /* MortgageTests */ = {
			isa = PBXGroup;
			children = (
				8D544A071B54A8160019BD04 /* MortgageTests.m */,
				8D544A051B54A8160019BD04 /* Supporting Files */,
			);
			path = MortgageTests;
			sourceTree = "<group>";
		};
		8D544A051B54A8160019BD04 /* Supporting Files */ = {
			isa = PBXGroup;
			children = (
				8D544A061B54A8160019BD04 /* Info.plist */,
			);
			name = "Supporting Files";
			sourceTree = "<group>";
		};
		8D544A251B550C880019BD04 /* MortgageVc */ = {
			isa = PBXGroup;
			children = (
				8D8464B11B56B19700476024 /* SVProgressHUD */,
				8D82DAFB1B55F0C4004C9824 /* BankRefundService.h */,
				8D82DAFA1B55F0C4004C9824 /* BankRefundService.mm */,
				8D544A2C1B550C880019BD04 /* MortgageCalculateViewController.h */,
				8D544A2D1B550C880019BD04 /* MortgageCalculateViewController.m */,
				8D544A2E1B550C880019BD04 /* MortgageCalculateViewController.xib */,
				8D544A3A1B550CCA0019BD04 /* ComputedResultViewController.h */,
				8D544A3B1B550CCA0019BD04 /* ComputedResultViewController.m */,
				8D544A3C1B550CCA0019BD04 /* ComputedResultViewController.xib */,
				8D82DB061B564112004C9824 /* ChooseDataViewController.h */,
				8D82DB071B564112004C9824 /* ChooseDataViewController.m */,
				8D82DB081B564112004C9824 /* ChooseDataViewController.xib */,
			);
			path = MortgageVc;
			sourceTree = "<group>";
		};
		8D8464B11B56B19700476024 /* SVProgressHUD */ = {
			isa = PBXGroup;
			children = (
				8D8464B21B56B19700476024 /* SVIndefiniteAnimatedView.h */,
				8D8464B31B56B19700476024 /* SVIndefiniteAnimatedView.m */,
				8D8464B41B56B19700476024 /* SVProgressHUD.bundle */,
				8D8464B51B56B19700476024 /* SVProgressHUD.h */,
				8D8464B61B56B19700476024 /* SVProgressHUD.m */,
			);
			path = SVProgressHUD;
			sourceTree = "<group>";
		};
/* End PBXGroup section */

/* Begin PBXNativeTarget section */
		8D5449E71B54A8160019BD04 /* Mortgage */ = {
			isa = PBXNativeTarget;
			buildConfigurationList = 8D544A0B1B54A8160019BD04 /* Build configuration list for PBXNativeTarget "Mortgage" */;
			buildPhases = (
				8D5449E41B54A8160019BD04 /* Sources */,
				8D5449E51B54A8160019BD04 /* Frameworks */,
				8D5449E61B54A8160019BD04 /* Resources */,
			);
			buildRules = (
			);
			dependencies = (
			);
			name = Mortgage;
			productName = Mortgage;
			productReference = 8D5449E81B54A8160019BD04 /* Mortgage.app */;
			productType = "com.apple.product-type.application";
		};
		8D544A001B54A8160019BD04 /* MortgageTests */ = {
			isa = PBXNativeTarget;
			buildConfigurationList = 8D544A0E1B54A8160019BD04 /* Build configuration list for PBXNativeTarget "MortgageTests" */;
			buildPhases = (
				8D5449FD1B54A8160019BD04 /* Sources */,
				8D5449FE1B54A8160019BD04 /* Frameworks */,
				8D5449FF1B54A8160019BD04 /* Resources */,
			);
			buildRules = (
			);
			dependencies = (
				8D544A031B54A8160019BD04 /* PBXTargetDependency */,
			);
			name = MortgageTests;
			productName = MortgageTests;
			productReference = 8D544A011B54A8160019BD04 /* MortgageTests.xctest */;
			productType = "com.apple.product-type.bundle.unit-test";
		};
/* End PBXNativeTarget section */

/* Begin PBXProject section */
		8D5449E01B54A8160019BD04 /* Project object */ = {
			isa = PBXProject;
			attributes = {
				LastUpgradeCheck = 0640;
				ORGANIZATIONNAME = "Bob Angus";
				TargetAttributes = {
					8D5449E71B54A8160019BD04 = {
						CreatedOnToolsVersion = 6.4;
					};
					8D544A001B54A8160019BD04 = {
						CreatedOnToolsVersion = 6.4;
						TestTargetID = 8D5449E71B54A8160019BD04;
					};
				};
			};
			buildConfigurationList = 8D5449E31B54A8160019BD04 /* Build configuration list for PBXProject "Mortgage" */;
			compatibilityVersion = "Xcode 3.2";
			developmentRegion = English;
			hasScannedForEncodings = 0;
			knownRegions = (
				en,
				Base,
			);
			mainGroup = 8D5449DF1B54A8160019BD04;
			productRefGroup = 8D5449E91B54A8160019BD04 /* Products */;
			projectDirPath = "";
			projectRoot = "";
			targets = (
				8D5449E71B54A8160019BD04 /* Mortgage */,
				8D544A001B54A8160019BD04 /* MortgageTests */,
			);
		};
/* End PBXProject section */

/* Begin PBXResourcesBuildPhase section */
		8D5449E61B54A8160019BD04 /* Resources */ = {
			isa = PBXResourcesBuildPhase;
			buildActionMask = 2147483647;
			files = (
				8D8464B81B56B19700476024 /* SVProgressHUD.bundle in Resources */,
				8D544A3E1B550CCA0019BD04 /* ComputedResultViewController.xib in Resources */,
				8D5449F71B54A8160019BD04 /* Main.storyboard in Resources */,
				8D82DB0A1B564112004C9824 /* ChooseDataViewController.xib in Resources */,
				8D544A371B550C880019BD04 /* MortgageCalculateViewController.xib in Resources */,
				8D5449FC1B54A8160019BD04 /* LaunchScreen.xib in Resources */,
				8D5449F91B54A8160019BD04 /* Images.xcassets in Resources */,
			);
			runOnlyForDeploymentPostprocessing = 0;
		};
		8D5449FF1B54A8160019BD04 /* Resources */ = {
			isa = PBXResourcesBuildPhase;
			buildActionMask = 2147483647;
			files = (
			);
			runOnlyForDeploymentPostprocessing = 0;
		};
/* End PBXResourcesBuildPhase section */

/* Begin PBXSourcesBuildPhase section */
		8D5449E41B54A8160019BD04 /* Sources */ = {
			isa = PBXSourcesBuildPhase;
			buildActionMask = 2147483647;
			files = (
				8D82DAFC1B55F0C4004C9824 /* BankRefundService.mm in Sources */,
				8D544A3D1B550CCA0019BD04 /* ComputedResultViewController.m in Sources */,
				8D5449F41B54A8160019BD04 /* ViewController.m in Sources */,
				8D8464B71B56B19700476024 /* SVIndefiniteAnimatedView.m in Sources */,
				8D82DB091B564112004C9824 /* ChooseDataViewController.m in Sources */,
				8D8464B91B56B19700476024 /* SVProgressHUD.m in Sources */,
				8D544A361B550C880019BD04 /* MortgageCalculateViewController.m in Sources */,
				8D5449F11B54A8160019BD04 /* AppDelegate.m in Sources */,
				8D5449EE1B54A8160019BD04 /* main.m in Sources */,
			);
			runOnlyForDeploymentPostprocessing = 0;
		};
		8D5449FD1B54A8160019BD04 /* Sources */ = {
			isa = PBXSourcesBuildPhase;
			buildActionMask = 2147483647;
			files = (
				8D544A081B54A8160019BD04 /* MortgageTests.m in Sources */,
			);
			runOnlyForDeploymentPostprocessing = 0;
		};
/* End PBXSourcesBuildPhase section */

/* Begin PBXTargetDependency section */
		8D544A031B54A8160019BD04 /* PBXTargetDependency */ = {
			isa = PBXTargetDependency;
			target = 8D5449E71B54A8160019BD04 /* Mortgage */;
			targetProxy = 8D544A021B54A8160019BD04 /* PBXContainerItemProxy */;
		};
/* End PBXTargetDependency section */

/* Begin PBXVariantGroup section */
		8D5449F51B54A8160019BD04 /* Main.storyboard */ = {
			isa = PBXVariantGroup;
			children = (
				8D5449F61B54A8160019BD04 /* Base */,
			);
			name = Main.storyboard;
			sourceTree = "<group>";
		};
		8D5449FA1B54A8160019BD04 /* LaunchScreen.xib */ = {
			isa = PBXVariantGroup;
			children = (
				8D5449FB1B54A8160019BD04 /* Base */,
			);
			name = LaunchScreen.xib;
			sourceTree = "<group>";
		};
/* End PBXVariantGroup section */

/* Begin XCBuildConfiguration section */
		8D544A091B54A8160019BD04 /* Debug */ = {
			isa = XCBuildConfiguration;
			buildSettings = {
				ALWAYS_SEARCH_USER_PATHS = NO;
				CLANG_CXX_LANGUAGE_STANDARD = "gnu++0x";
				CLANG_CXX_LIBRARY = "libc++";
				CLANG_ENABLE_MODULES = YES;
				CLANG_ENABLE_OBJC_ARC = YES;
				CLANG_WARN_BOOL_CONVERSION = YES;
				CLANG_WARN_CONSTANT_CONVERSION = YES;
				CLANG_WARN_DIRECT_OBJC_ISA_USAGE = YES_ERROR;
				CLANG_WARN_EMPTY_BODY = YES;
				CLANG_WARN_ENUM_CONVERSION = YES;
				CLANG_WARN_INT_CONVERSION = YES;
				CLANG_WARN_OBJC_ROOT_CLASS = YES_ERROR;
				CLANG_WARN_UNREACHABLE_CODE = YES;
				CLANG_WARN__DUPLICATE_METHOD_MATCH = YES;
				"CODE_SIGN_IDENTITY[sdk=iphoneos*]" = "iPhone Developer";
				COPY_PHASE_STRIP = NO;
				DEBUG_INFORMATION_FORMAT = "dwarf-with-dsym";
				ENABLE_STRICT_OBJC_MSGSEND = YES;
				GCC_C_LANGUAGE_STANDARD = gnu99;
				GCC_DYNAMIC_NO_PIC = NO;
				GCC_NO_COMMON_BLOCKS = YES;
				GCC_OPTIMIZATION_LEVEL = 0;
				GCC_PREPROCESSOR_DEFINITIONS = (
					"DEBUG=1",
					"$(inherited)",
				);
				GCC_SYMBOLS_PRIVATE_EXTERN = NO;
				GCC_WARN_64_TO_32_BIT_CONVERSION = YES;
				GCC_WARN_ABOUT_RETURN_TYPE = YES_ERROR;
				GCC_WARN_UNDECLARED_SELECTOR = YES;
				GCC_WARN_UNINITIALIZED_AUTOS = YES_AGGRESSIVE;
				GCC_WARN_UNUSED_FUNCTION = YES;
				GCC_WARN_UNUSED_VARIABLE = YES;
				IPHONEOS_DEPLOYMENT_TARGET = 8.4;
				MTL_ENABLE_DEBUG_INFO = YES;
				ONLY_ACTIVE_ARCH = YES;
				SDKROOT = iphoneos;
			};
			name = Debug;
		};
		8D544A0A1B54A8160019BD04 /* Release */ = {
			isa = XCBuildConfiguration;
			buildSettings = {
				ALWAYS_SEARCH_USER_PATHS = NO;
				CLANG_CXX_LANGUAGE_STANDARD = "gnu++0x";
				CLANG_CXX_LIBRARY = "libc++";
				CLANG_ENABLE_MODULES = YES;
				CLANG_ENABLE_OBJC_ARC = YES;
				CLANG_WARN_BOOL_CONVERSION = YES;
				CLANG_WARN_CONSTANT_CONVERSION = YES;
				CLANG_WARN_DIRECT_OBJC_ISA_USAGE = YES_ERROR;
				CLANG_WARN_EMPTY_BODY = YES;
				CLANG_WARN_ENUM_CONVERSION = YES;
				CLANG_WARN_INT_CONVERSION = YES;
				CLANG_WARN_OBJC_ROOT_CLASS = YES_ERROR;
				CLANG_WARN_UNREACHABLE_CODE = YES;
				CLANG_WARN__DUPLICATE_METHOD_MATCH = YES;
				"CODE_SIGN_IDENTITY[sdk=iphoneos*]" = "iPhone Developer";
				COPY_PHASE_STRIP = NO;
				DEBUG_INFORMATION_FORMAT = "dwarf-with-dsym";
				ENABLE_NS_ASSERTIONS = NO;
				ENABLE_STRICT_OBJC_MSGSEND = YES;
				GCC_C_LANGUAGE_STANDARD = gnu99;
				GCC_NO_COMMON_BLOCKS = YES;
				GCC_WARN_64_TO_32_BIT_CONVERSION = YES;
				GCC_WARN_ABOUT_RETURN_TYPE = YES_ERROR;
				GCC_WARN_UNDECLARED_SELECTOR = YES;
				GCC_WARN_UNINITIALIZED_AUTOS = YES_AGGRESSIVE;
				GCC_WARN_UNUSED_FUNCTION = YES;
				GCC_WARN_UNUSED_VARIABLE = YES;
				IPHONEOS_DEPLOYMENT_TARGET = 8.4;
				MTL_ENABLE_DEBUG_INFO = NO;
				SDKROOT = iphoneos;
				VALIDATE_PRODUCT = YES;
			};
			name = Release;
		};
		8D544A0C1B54A8160019BD04 /* Debug */ = {
			isa = XCBuildConfiguration;
			buildSettings = {
				ASSETCATALOG_COMPILER_APPICON_NAME = AppIcon;
				INFOPLIST_FILE = Mortgage/Info.plist;
				IPHONEOS_DEPLOYMENT_TARGET = 7.0;
				LD_RUNPATH_SEARCH_PATHS = "$(inherited) @executable_path/Frameworks";
				PRODUCT_NAME = "$(TARGET_NAME)";
			};
			name = Debug;
		};
		8D544A0D1B54A8160019BD04 /* Release */ = {
			isa = XCBuildConfiguration;
			buildSettings = {
				ASSETCATALOG_COMPILER_APPICON_NAME = AppIcon;
				INFOPLIST_FILE = Mortgage/Info.plist;
				IPHONEOS_DEPLOYMENT_TARGET = 7.0;
				LD_RUNPATH_SEARCH_PATHS = "$(inherited) @executable_path/Frameworks";
				PRODUCT_NAME = "$(TARGET_NAME)";
			};
			name = Release;
		};
		8D544A0F1B54A8160019BD04 /* Debug */ = {
			isa = XCBuildConfiguration;
			buildSettings = {
				BUNDLE_LOADER = "$(TEST_HOST)";
				FRAMEWORK_SEARCH_PATHS = (
					"$(SDKROOT)/Developer/Library/Frameworks",
					"$(inherited)",
				);
				GCC_PREPROCESSOR_DEFINITIONS = (
					"DEBUG=1",
					"$(inherited)",
				);
				INFOPLIST_FILE = MortgageTests/Info.plist;
				LD_RUNPATH_SEARCH_PATHS = "$(inherited) @executable_path/Frameworks @loader_path/Frameworks";
				PRODUCT_NAME = "$(TARGET_NAME)";
				TEST_HOST = "$(BUILT_PRODUCTS_DIR)/Mortgage.app/Mortgage";
			};
			name = Debug;
		};
		8D544A101B54A8160019BD04 /* Release */ = {
			isa = XCBuildConfiguration;
			buildSettings = {
				BUNDLE_LOADER = "$(TEST_HOST)";
				FRAMEWORK_SEARCH_PATHS = (
					"$(SDKROOT)/Developer/Library/Frameworks",
					"$(inherited)",
				);
				INFOPLIST_FILE = MortgageTests/Info.plist;
				LD_RUNPATH_SEARCH_PATHS = "$(inherited) @executable_path/Frameworks @loader_path/Frameworks";
				PRODUCT_NAME = "$(TARGET_NAME)";
				TEST_HOST = "$(BUILT_PRODUCTS_DIR)/Mortgage.app/Mortgage";
			};
			name = Release;
		};
/* End XCBuildConfiguration section */

/* Begin XCConfigurationList section */
		8D5449E31B54A8160019BD04 /* Build configuration list for PBXProject "Mortgage" */ = {
			isa = XCConfigurationList;
			buildConfigurations = (
				8D544A091B54A8160019BD04 /* Debug */,
				8D544A0A1B54A8160019BD04 /* Release */,
			);
			defaultConfigurationIsVisible = 0;
			defaultConfigurationName = Release;
		};
		8D544A0B1B54A8160019BD04 /* Build configuration list for PBXNativeTarget "Mortgage" */ = {
			isa = XCConfigurationList;
			buildConfigurations = (
				8D544A0C1B54A8160019BD04 /* Debug */,
				8D544A0D1B54A8160019BD04 /* Release */,
			);
			defaultConfigurationIsVisible = 0;
			defaultConfigurationName = Release;
		};
		8D544A0E1B54A8160019BD04 /* Build configuration list for PBXNativeTarget "MortgageTests" */ = {
			isa = XCConfigurationList;
			buildConfigurations = (
				8D544A0F1B54A8160019BD04 /* Debug */,
				8D544A101B54A8160019BD04 /* Release */,
			);
			defaultConfigurationIsVisible = 0;
			defaultConfigurationName = Release;
		};
/* End XCConfigurationList section */
	};
	rootObject = 8D5449E01B54A8160019BD04 /* Project object */;
}
